
Microsoft Visual Studio Solution File, Format Version 12.00
# Visual Studio 15
VisualStudioVersion = 15.0.27428.2043
MinimumVisualStudioVersion = 10.0.40219.1
Project("{FAE04EC0-301F-11D3-BF4B-00C04F79EFBC}") = "CRC", "CRC\CRC.csproj", "{9C8E8E3D-BC8C-4CDD-AA85-8DC9B383C604}"
EndProject
Global
	GlobalSection(SolutionConfigurationPlatforms) = preSolution
		Debug|Any CPU = Debug|Any CPU
		Release|Any CPU = Release|Any CPU
	EndGlobalSection
	GlobalSection(ProjectConfigurationPlatforms) = postSolution
		{9C8E8E3D-BC8C-4CDD-AA85-8DC9B383C604}.Debug|Any CPU.ActiveCfg = Debug|Any CPU
		{9C8E8E3D-BC8C-4CDD-AA85-8DC9B383C604}.Debug|Any CPU.Build.0 = Debug|Any CPU
		{9C8E8E3D-BC8C-4CDD-AA85-8DC9B383C604}.Release|Any CPU.ActiveCfg = Release|Any CPU
		{9C8E8E3D-BC8C-4CDD-AA85-8DC9B383C604}.Release|Any CPU.Build.0 = Release|Any CPU
	EndGlobalSection
	GlobalSection(SolutionProperties) = preSolution
		HideSolutionNode = FALSE
	EndGlobalSection
	GlobalSection(ExtensibilityGlobals) = postSolution
		SolutionGuid = {9CA0E4B3-6714-4FAA-BC63-1909C5300634}
	EndGlobalSection
EndGlobal
